// !$*UTF8*$!
{
	archiveVersion = 1;
	classes = {
	};
	objectVersion = 51;
	objects = {

/* Begin PBXBuildFile section */
		4745973F2327A140004CC0E9 /* AppDelegate.swift in Sources */ = {isa = PBXBuildFile; fileRef = 4745973E2327A140004CC0E9 /* AppDelegate.swift */; };
		474597412327A140004CC0E9 /* ViewController.swift in Sources */ = {isa = PBXBuildFile; fileRef = 474597402327A140004CC0E9 /* ViewController.swift */; };
		474597442327A140004CC0E9 /* Main.storyboard in Resources */ = {isa = PBXBuildFile; fileRef = 474597422327A140004CC0E9 /* Main.storyboard */; };
		474597462327A141004CC0E9 /* Assets.xcassets in Resources */ = {isa = PBXBuildFile; fileRef = 474597452327A141004CC0E9 /* Assets.xcassets */; };
		474597492327A141004CC0E9 /* LaunchScreen.storyboard in Resources */ = {isa = PBXBuildFile; fileRef = 474597472327A141004CC0E9 /* LaunchScreen.storyboard */; };
		474597512327A1A6004CC0E9 /* RecognitionViewController.swift in Sources */ = {isa = PBXBuildFile; fileRef = 474597502327A1A6004CC0E9 /* RecognitionViewController.swift */; };
		BF2CD0FE0B6C52D8067A115F /* Pods_VXRecognitionViewControllerDemo.framework in Frameworks */ = {isa = PBXBuildFile; fileRef = 6180DB45B2383F7CA8837897 /* Pods_VXRecognitionViewControllerDemo.framework */; };
/* End PBXBuildFile section */

/* Begin PBXFileReference section */
		1C2F9DD4C177467600C733B9 /* Pods-VXRecognitionViewControllerDemo.release.xcconfig */ = {isa = PBXFileReference; includeInIndex = 1; lastKnownFileType = text.xcconfig; name = "Pods-VXRecognitionViewControllerDemo.release.xcconfig"; path = "Target Support Files/Pods-VXRecognitionViewControllerDemo/Pods-VXRecognitionViewControllerDemo.release.xcconfig"; sourceTree = "<group>"; };
		4745973B2327A140004CC0E9 /* VXRecognitionViewControllerDemo.app */ = {isa = PBXFileReference; explicitFileType = wrapper.application; includeInIndex = 0; path = VXRecognitionViewControllerDemo.app; sourceTree = BUILT_PRODUCTS_DIR; };
		4745973E2327A140004CC0E9 /* AppDelegate.swift */ = {isa = PBXFileReference; lastKnownFileType = sourcecode.swift; path = AppDelegate.swift; sourceTree = "<group>"; };
		474597402327A140004CC0E9 /* ViewController.swift */ = {isa = PBXFileReference; lastKnownFileType = sourcecode.swift; path = ViewController.swift; sourceTree = "<group>"; };
		474597432327A140004CC0E9 /* Base */ = {isa = PBXFileReference; lastKnownFileType = file.storyboard; name = Base; path = Base.lproj/Main.storyboard; sourceTree = "<group>"; };
		474597452327A141004CC0E9 /* Assets.xcassets */ = {isa = PBXFileReference; lastKnownFileType = folder.assetcatalog; path = Assets.xcassets; sourceTree = "<group>"; };
		474597482327A141004CC0E9 /* Base */ = {isa = PBXFileReference; lastKnownFileType = file.storyboard; name = Base; path = Base.lproj/LaunchScreen.storyboard; sourceTree = "<group>"; };
		4745974A2327A141004CC0E9 /* Info.plist */ = {isa = PBXFileReference; lastKnownFileType = text.plist.xml; path = Info.plist; sourceTree = "<group>"; };
		474597502327A1A6004CC0E9 /* RecognitionViewController.swift */ = {isa = PBXFileReference; fileEncoding = 4; lastKnownFileType = sourcecode.swift; path = RecognitionViewController.swift; sourceTree = "<group>"; };
		6180DB45B2383F7CA8837897 /* Pods_VXRecognitionViewControllerDemo.framework */ = {isa = PBXFileReference; explicitFileType = wrapper.framework; includeInIndex = 0; path = Pods_VXRecognitionViewControllerDemo.framework; sourceTree = BUILT_PRODUCTS_DIR; };
		AD0BFCD8C1D1EF4159187B39 /* Pods-VXRecognitionViewControllerDemo.debug.xcconfig */ = {isa = PBXFileReference; includeInIndex = 1; lastKnownFileType = text.xcconfig; name = "Pods-VXRecognitionViewControllerDemo.debug.xcconfig"; path = "Target Support Files/Pods-VXRecognitionViewControllerDemo/Pods-VXRecognitionViewControllerDemo.debug.xcconfig"; sourceTree = "<group>"; };
/* End PBXFileReference section */

/* Begin PBXFrameworksBuildPhase section */
		474597382327A140004CC0E9 /* Frameworks */ = {
			isa = PBXFrameworksBuildPhase;
			buildActionMask = 2147483647;
			files = (
				BF2CD0FE0B6C52D8067A115F /* Pods_VXRecognitionViewControllerDemo.framework in Frameworks */,
			);
			runOnlyForDeploymentPostprocessing = 0;
		};
/* End PBXFrameworksBuildPhase section */

/* Begin PBXGroup section */
		39A7B0BBCE6A82C745AE9DB1 /* Pods */ = {
			isa = PBXGroup;
			children = (
				AD0BFCD8C1D1EF4159187B39 /* Pods-VXRecognitionViewControllerDemo.debug.xcconfig */,
				1C2F9DD4C177467600C733B9 /* Pods-VXRecognitionViewControllerDemo.release.xcconfig */,
			);
			path = Pods;
			sourceTree = "<group>";
		};
		474597322327A140004CC0E9 = {
			isa = PBXGroup;
			children = (
				4745973D2327A140004CC0E9 /* VXRecognitionViewControllerDemo */,
				4745973C2327A140004CC0E9 /* Products */,
				39A7B0BBCE6A82C745AE9DB1 /* Pods */,
				82067165BE09F9825367EE7B /* Frameworks */,
			);
			sourceTree = "<group>";
		};
		4745973C2327A140004CC0E9 /* Products */ = {
			isa = PBXGroup;
			children = (
				4745973B2327A140004CC0E9 /* VXRecognitionViewControllerDemo.app */,
			);
			name = Products;
			sourceTree = "<group>";
		};
		4745973D2327A140004CC0E9 /* VXRecognitionViewControllerDemo */ = {
			isa = PBXGroup;
			children = (
				474597502327A1A6004CC0E9 /* RecognitionViewController.swift */,
				4745973E2327A140004CC0E9 /* AppDelegate.swift */,
				474597402327A140004CC0E9 /* ViewController.swift */,
				474597422327A140004CC0E9 /* Main.storyboard */,
				474597452327A141004CC0E9 /* Assets.xcassets */,
				474597472327A141004CC0E9 /* LaunchScreen.storyboard */,
				4745974A2327A141004CC0E9 /* Info.plist */,
			);
			path = VXRecognitionViewControllerDemo;
			sourceTree = "<group>";
		};
		82067165BE09F9825367EE7B /* Frameworks */ = {
			isa = PBXGroup;
			children = (
				6180DB45B2383F7CA8837897 /* Pods_VXRecognitionViewControllerDemo.framework */,
			);
			name = Frameworks;
			sourceTree = "<group>";
		};
/* End PBXGroup section */

/* Begin PBXNativeTarget section */
		4745973A2327A140004CC0E9 /* VXRecognitionViewControllerDemo */ = {
			isa = PBXNativeTarget;
			buildConfigurationList = 4745974D2327A141004CC0E9 /* Build configuration list for PBXNativeTarget "VXRecognitionViewControllerDemo" */;
			buildPhases = (
				A004628A071C6900E8124473 /* [CP] Check Pods Manifest.lock */,
				474597372327A140004CC0E9 /* Sources */,
				474597382327A140004CC0E9 /* Frameworks */,
				474597392327A140004CC0E9 /* Resources */,
				A09630AAFDD5789C411C4844 /* [CP] Embed Pods Frameworks */,
			);
			buildRules = (
			);
			dependencies = (
			);
			name = VXRecognitionViewControllerDemo;
			productName = VXRecognitionViewControllerDemo;
			productReference = 4745973B2327A140004CC0E9 /* VXRecognitionViewControllerDemo.app */;
			productType = "com.apple.product-type.application";
		};
/* End PBXNativeTarget section */

/* Begin PBXProject section */
		474597332327A140004CC0E9 /* Project object */ = {
			isa = PBXProject;
			attributes = {
				LastSwiftUpdateCheck = 1030;
				LastUpgradeCheck = 1030;
				ORGANIZATIONNAME = "Graham Lancashire";
				TargetAttributes = {
					4745973A2327A140004CC0E9 = {
						CreatedOnToolsVersion = 10.3;
					};
				};
			};
			buildConfigurationList = 474597362327A140004CC0E9 /* Build configuration list for PBXProject "VXRecognitionViewControllerDemo" */;
			compatibilityVersion = "Xcode 9.3";
			developmentRegion = en;
			hasScannedForEncodings = 0;
			knownRegions = (
				en,
				Base,
			);
			mainGroup = 474597322327A140004CC0E9;
			productRefGroup = 4745973C2327A140004CC0E9 /* Products */;
			projectDirPath = "";
			projectRoot = "";
			targets = (
				4745973A2327A140004CC0E9 /* VXRecognitionViewControllerDemo */,
			);
		};
/* End PBXProject section */

/* Begin PBXResourcesBuildPhase section */
		474597392327A140004CC0E9 /* Resources */ = {
			isa = PBXResourcesBuildPhase;
			buildActionMask = 2147483647;
			files = (
				474597492327A141004CC0E9 /* LaunchScreen.storyboard in Resources */,
				474597462327A141004CC0E9 /* Assets.xcassets in Resources */,
				474597442327A140004CC0E9 /* Main.storyboard in Resources */,
			);
			runOnlyForDeploymentPostprocessing = 0;
		};
/* End PBXResourcesBuildPhase section */

/* Begin PBXShellScriptBuildPhase section */
		A004628A071C6900E8124473 /* [CP] Check Pods Manifest.lock */ = {
			isa = PBXShellScriptBuildPhase;
			buildActionMask = 2147483647;
			files = (
			);
			inputFileListPaths = (
			);
			inputPaths = (
				"${PODS_PODFILE_DIR_PATH}/Podfile.lock",
				"${PODS_ROOT}/Manifest.lock",
			);
			name = "[CP] Check Pods Manifest.lock";
			outputFileListPaths = (
			);
			outputPaths = (
				"$(DERIVED_FILE_DIR)/Pods-VXRecognitionViewControllerDemo-checkManifestLockResult.txt",
			);
			runOnlyForDeploymentPostprocessing = 0;
			shellPath = /bin/sh;
			shellScript = "diff \"${PODS_PODFILE_DIR_PATH}/Podfile.lock\" \"${PODS_ROOT}/Manifest.lock\" > /dev/null\nif [ $? != 0 ] ; then\n    # print error to STDERR\n    echo \"error: The sandbox is not in sync with the Podfile.lock. Run 'pod install' or update your CocoaPods installation.\" >&2\n    exit 1\nfi\n# This output is used by Xcode 'outputs' to avoid re-running this script phase.\necho \"SUCCESS\" > \"${SCRIPT_OUTPUT_FILE_0}\"\n";
			showEnvVarsInLog = 0;
		};
		A09630AAFDD5789C411C4844 /* [CP] Embed Pods Frameworks */ = {
			isa = PBXShellScriptBuildPhase;
			buildActionMask = 2147483647;
			files = (
			);
			inputFileListPaths = (
				"${PODS_ROOT}/Target Support Files/Pods-VXRecognitionViewControllerDemo/Pods-VXRecognitionViewControllerDemo-frameworks-${CONFIGURATION}-input-files.xcfilelist",
			);
			name = "[CP] Embed Pods Frameworks";
			outputFileListPaths = (
				"${PODS_ROOT}/Target Support Files/Pods-VXRecognitionViewControllerDemo/Pods-VXRecognitionViewControllerDemo-frameworks-${CONFIGURATION}-output-files.xcfilelist",
			);
			runOnlyForDeploymentPostprocessing = 0;
			shellPath = /bin/sh;
			shellScript = "\"${PODS_ROOT}/Target Support Files/Pods-VXRecognitionViewControllerDemo/Pods-VXRecognitionViewControllerDemo-frameworks.sh\"\n";
			showEnvVarsInLog = 0;
		};
/* End PBXShellScriptBuildPhase section */

/* Begin PBXSourcesBuildPhase section */
		474597372327A140004CC0E9 /* Sources */ = {
			isa = PBXSourcesBuildPhase;
			buildActionMask = 2147483647;
			files = (
				474597412327A140004CC0E9 /* ViewController.swift in Sources */,
				474597512327A1A6004CC0E9 /* RecognitionViewController.swift in Sources */,
				4745973F2327A140004CC0E9 /* AppDelegate.swift in Sources */,
			);
			runOnlyForDeploymentPostprocessing = 0;
		};
/* End PBXSourcesBuildPhase section */

/* Begin PBXVariantGroup section */
		474597422327A140004CC0E9 /* Main.storyboard */ = {
			isa = PBXVariantGroup;
			children = (
				474597432327A140004CC0E9 /* Base */,
			);
			name = Main.storyboard;
			sourceTree = "<group>";
		};
		474597472327A141004CC0E9 /* LaunchScreen.storyboard */ = {
			isa = PBXVariantGroup;
			children = (
				474597482327A141004CC0E9 /* Base */,
			);
			name = LaunchScreen.storyboard;
			sourceTree = "<group>";
		};
/* End PBXVariantGroup section */

/* Begin XCBuildConfiguration section */
		4745974B2327A141004CC0E9 /* Debug */ = {
			isa = XCBuildConfiguration;
			buildSettings = {
				ALWAYS_SEARCH_USER_PATHS = NO;
				CLANG_ANALYZER_NONNULL = YES;
				CLANG_ANALYZER_NUMBER_OBJECT_CONVERSION = YES_AGGRESSIVE;
				CLANG_CXX_LANGUAGE_STANDARD = "gnu++14";
				CLANG_CXX_LIBRARY = "libc++";
				CLANG_ENABLE_MODULES = YES;
				CLANG_ENABLE_OBJC_ARC = YES;
				CLANG_ENABLE_OBJC_WEAK = YES;
				CLANG_WARN_BLOCK_CAPTURE_AUTORELEASING = YES;
				CLANG_WARN_BOOL_CONVERSION = YES;
				CLANG_WARN_COMMA = YES;
				CLANG_WARN_CONSTANT_CONVERSION = YES;
				CLANG_WARN_DEPRECATED_OBJC_IMPLEMENTATIONS = YES;
				CLANG_WARN_DIRECT_OBJC_ISA_USAGE = YES_ERROR;
				CLANG_WARN_DOCUMENTATION_COMMENTS = YES;
				CLANG_WARN_EMPTY_BODY = YES;
				CLANG_WARN_ENUM_CONVERSION = YES;
				CLANG_WARN_INFINITE_RECURSION = YES;
				CLANG_WARN_INT_CONVERSION = YES;
				CLANG_WARN_NON_LITERAL_NULL_CONVERSION = YES;
				CLANG_WARN_OBJC_IMPLICIT_RETAIN_SELF = YES;
				CLANG_WARN_OBJC_LITERAL_CONVERSION = YES;
				CLANG_WARN_OBJC_ROOT_CLASS = YES_ERROR;
				CLANG_WARN_RANGE_LOOP_ANALYSIS = YES;
				CLANG_WARN_STRICT_PROTOTYPES = YES;
				CLANG_WARN_SUSPICIOUS_MOVE = YES;
				CLANG_WARN_UNGUARDED_AVAILABILITY = YES_AGGRESSIVE;
				CLANG_WARN_UNREACHABLE_CODE = YES;
				CLANG_WARN__DUPLICATE_METHOD_MATCH = YES;
				CODE_SIGN_IDENTITY = "iPhone Developer";
				COPY_PHASE_STRIP = NO;
				DEBUG_INFORMATION_FORMAT = dwarf;
				ENABLE_STRICT_OBJC_MSGSEND = YES;
				ENABLE_TESTABILITY = YES;
				GCC_C_LANGUAGE_STANDARD = gnu11;
				GCC_DYNAMIC_NO_PIC = NO;
				GCC_NO_COMMON_BLOCKS = YES;
				GCC_OPTIMIZATION_LEVEL = 0;
				GCC_PREPROCESSOR_DEFINITIONS = (
					"DEBUG=1",
					"$(inherited)",
				);
				GCC_WARN_64_TO_32_BIT_CONVERSION = YES;
				GCC_WARN_ABOUT_RETURN_TYPE = YES_ERROR;
				GCC_WARN_UNDECLARED_SELECTOR = YES;
				GCC_WARN_UNINITIALIZED_AUTOS = YES_AGGRESSIVE;
				GCC_WARN_UNUSED_FUNCTION = YES;
				GCC_WARN_UNUSED_VARIABLE = YES;
				IPHONEOS_DEPLOYMENT_TARGET = 12.4;
				MTL_ENABLE_DEBUG_INFO = INCLUDE_SOURCE;
				MTL_FAST_MATH = YES;
				ONLY_ACTIVE_ARCH = YES;
				SDKROOT = iphoneos;
				SWIFT_ACTIVE_COMPILATION_CONDITIONS = DEBUG;
				SWIFT_OPTIMIZATION_LEVEL = "-Onone";
			};
			name = Debug;
		};
		4745974C2327A141004CC0E9 /* Release */ = {
			isa = XCBuildConfiguration;
			buildSettings = {
				ALWAYS_SEARCH_USER_PATHS = NO;
				CLANG_ANALYZER_NONNULL = YES;
				CLANG_ANALYZER_NUMBER_OBJECT_CONVERSION = YES_AGGRESSIVE;
				CLANG_CXX_LANGUAGE_STANDARD = "gnu++14";
				CLANG_CXX_LIBRARY = "libc++";
				CLANG_ENABLE_MODULES = YES;
				CLANG_ENABLE_OBJC_ARC = YES;
				CLANG_ENABLE_OBJC_WEAK = YES;
				CLANG_WARN_BLOCK_CAPTURE_AUTORELEASING = YES;
				CLANG_WARN_BOOL_CONVERSION = YES;
				CLANG_WARN_COMMA = YES;
				CLANG_WARN_CONSTANT_CONVERSION = YES;
				CLANG_WARN_DEPRECATED_OBJC_IMPLEMENTATIONS = YES;
				CLANG_WARN_DIRECT_OBJC_ISA_USAGE = YES_ERROR;
				CLANG_WARN_DOCUMENTATION_COMMENTS = YES;
				CLANG_WARN_EMPTY_BODY = YES;
				CLANG_WARN_ENUM_CONVERSION = YES;
				CLANG_WARN_INFINITE_RECURSION = YES;
				CLANG_WARN_INT_CONVERSION = YES;
				CLANG_WARN_NON_LITERAL_NULL_CONVERSION = YES;
				CLANG_WARN_OBJC_IMPLICIT_RETAIN_SELF = YES;
				CLANG_WARN_OBJC_LITERAL_CONVERSION = YES;
				CLANG_WARN_OBJC_ROOT_CLASS = YES_ERROR;
				CLANG_WARN_RANGE_LOOP_ANALYSIS = YES;
				CLANG_WARN_STRICT_PROTOTYPES = YES;
				CLANG_WARN_SUSPICIOUS_MOVE = YES;
				CLANG_WARN_UNGUARDED_AVAILABILITY = YES_AGGRESSIVE;
				CLANG_WARN_UNREACHABLE_CODE = YES;
				CLANG_WARN__DUPLICATE_METHOD_MATCH = YES;
				CODE_SIGN_IDENTITY = "iPhone Developer";
				COPY_PHASE_STRIP = NO;
				DEBUG_INFORMATION_FORMAT = "dwarf-with-dsym";
				ENABLE_NS_ASSERTIONS = NO;
				ENABLE_STRICT_OBJC_MSGSEND = YES;
				GCC_C_LANGUAGE_STANDARD = gnu11;
				GCC_NO_COMMON_BLOCKS = YES;
				GCC_WARN_64_TO_32_BIT_CONVERSION = YES;
				GCC_WARN_ABOUT_RETURN_TYPE = YES_ERROR;
				GCC_WARN_UNDECLARED_SELECTOR = YES;
				GCC_WARN_UNINITIALIZED_AUTOS = YES_AGGRESSIVE;
				GCC_WARN_UNUSED_FUNCTION = YES;
				GCC_WARN_UNUSED_VARIABLE = YES;
				IPHONEOS_DEPLOYMENT_TARGET = 12.4;
				MTL_ENABLE_DEBUG_INFO = NO;
				MTL_FAST_MATH = YES;
				SDKROOT = iphoneos;
				SWIFT_COMPILATION_MODE = wholemodule;
				SWIFT_OPTIMIZATION_LEVEL = "-O";
				VALIDATE_PRODUCT = YES;
			};
			name = Release;
		};
		4745974E2327A141004CC0E9 /* Debug */ = {
			isa = XCBuildConfiguration;
			baseConfigurationReference = AD0BFCD8C1D1EF4159187B39 /* Pods-VXRecognitionViewControllerDemo.debug.xcconfig */;
			buildSettings = {
				ASSETCATALOG_COMPILER_APPICON_NAME = AppIcon;
				CODE_SIGN_STYLE = Automatic;
				DEVELOPMENT_TEAM = U6P68B87Q3;
				INFOPLIST_FILE = VXRecognitionViewControllerDemo/Info.plist;
				LD_RUNPATH_SEARCH_PATHS = (
					"$(inherited)",
					"@executable_path/Frameworks",
				);
				PRODUCT_BUNDLE_IDENTIFIER = ch.swift.VXRecognitionViewControllerDemo;
				PRODUCT_NAME = "$(TARGET_NAME)";
				SWIFT_VERSION = 5.0;
				TARGETED_DEVICE_FAMILY = "1,2";
			};
			name = Debug;
		};
		4745974F2327A141004CC0E9 /* Release */ = {
			isa = XCBuildConfiguration;
			baseConfigurationReference = 1C2F9DD4C177467600C733B9 /* Pods-VXRecognitionViewControllerDemo.release.xcconfig */;
			buildSettings = {
				ASSETCATALOG_COMPILER_APPICON_NAME = AppIcon;
				CODE_SIGN_STYLE = Automatic;
				DEVELOPMENT_TEAM = U6P68B87Q3;
				INFOPLIST_FILE = VXRecognitionViewControllerDemo/Info.plist;
				LD_RUNPATH_SEARCH_PATHS = (
					"$(inherited)",
					"@executable_path/Frameworks",
				);
				PRODUCT_BUNDLE_IDENTIFIER = ch.swift.VXRecognitionViewControllerDemo;
				PRODUCT_NAME = "$(TARGET_NAME)";
				SWIFT_VERSION = 5.0;
				TARGETED_DEVICE_FAMILY = "1,2";
			};
			name = Release;
		};
/* End XCBuildConfiguration section */

/* Begin XCConfigurationList section */
		474597362327A140004CC0E9 /* Build configuration list for PBXProject "VXRecognitionViewControllerDemo" */ = {
			isa = XCConfigurationList;
			buildConfigurations = (
				4745974B2327A141004CC0E9 /* Debug */,
				4745974C2327A141004CC0E9 /* Release */,
			);
			defaultConfigurationIsVisible = 0;
			defaultConfigurationName = Release;
		};
		4745974D2327A141004CC0E9 /* Build configuration list for PBXNativeTarget "VXRecognitionViewControllerDemo" */ = {
			isa = XCConfigurationList;
			buildConfigurations = (
				4745974E2327A141004CC0E9 /* Debug */,
				4745974F2327A141004CC0E9 /* Release */,
			);
			defaultConfigurationIsVisible = 0;
			defaultConfigurationName = Release;
		};
/* End XCConfigurationList section */
	};
	rootObject = 474597332327A140004CC0E9 /* Project object */;
}
